
Microsoft Visual Studio Solution File, Format Version 12.00
# Visual Studio Version 17
VisualStudioVersion = 17.2.32616.157
MinimumVisualStudioVersion = 10.0.40219.1
Project("{FAE04EC0-301F-11D3-BF4B-00C04F79EFBC}") = "HotelService", "HotelService\HotelService.csproj", "{FAF6FEAC-EC13-434B-B3E7-CBE2A61FFCA5}"
EndProject
Global
	GlobalSection(SolutionConfigurationPlatforms) = preSolution
		Debug|Any CPU = Debug|Any CPU
		Release|Any CPU = Release|Any CPU
	EndGlobalSection
	GlobalSection(ProjectConfigurationPlatforms) = postSolution
		{FAF6FEAC-EC13-434B-B3E7-CBE2A61FFCA5}.Debug|Any CPU.ActiveCfg = Debug|Any CPU
		{FAF6FEAC-EC13-434B-B3E7-CBE2A61FFCA5}.Debug|Any CPU.Build.0 = Debug|Any CPU
		{FAF6FEAC-EC13-434B-B3E7-CBE2A61FFCA5}.Release|Any CPU.ActiveCfg = Release|Any CPU
		{FAF6FEAC-EC13-434B-B3E7-CBE2A61FFCA5}.Release|Any CPU.Build.0 = Release|Any CPU
	EndGlobalSection
	GlobalSection(SolutionProperties) = preSolution
		HideSolutionNode = FALSE
	EndGlobalSection
	GlobalSection(ExtensibilityGlobals) = postSolution
		SolutionGuid = {6AE685F9-0B72-4C6B-8A39-A685D425BB27}
	EndGlobalSection
EndGlobal
